
Microsoft Visual Studio Solution File, Format Version 12.00
# Visual Studio Version 16
VisualStudioVersion = 16.0.31702.278
MinimumVisualStudioVersion = 10.0.40219.1
Project("{FAE04EC0-301F-11D3-BF4B-00C04F79EFBC}") = "OraCoreCrud", "OraCoreCrud\OraCoreCrud.csproj", "{8BCC1FEA-A740-41A4-B2A2-A00ED00455AC}"
EndProject
Global
	GlobalSection(SolutionConfigurationPlatforms) = preSolution
		Debug|Any CPU = Debug|Any CPU
		Release|Any CPU = Release|Any CPU
	EndGlobalSection
	GlobalSection(ProjectConfigurationPlatforms) = postSolution
		{8BCC1FEA-A740-41A4-B2A2-A00ED00455AC}.Debug|Any CPU.ActiveCfg = Debug|Any CPU
		{8BCC1FEA-A740-41A4-B2A2-A00ED00455AC}.Debug|Any CPU.Build.0 = Debug|Any CPU
		{8BCC1FEA-A740-41A4-B2A2-A00ED00455AC}.Release|Any CPU.ActiveCfg = Release|Any CPU
		{8BCC1FEA-A740-41A4-B2A2-A00ED00455AC}.Release|Any CPU.Build.0 = Release|Any CPU
	EndGlobalSection
	GlobalSection(SolutionProperties) = preSolution
		HideSolutionNode = FALSE
	EndGlobalSection
	GlobalSection(ExtensibilityGlobals) = postSolution
		SolutionGuid = {37B18123-8915-41CB-AF74-BD300F3AF0B9}
	EndGlobalSection
EndGlobal
